
Microsoft Visual Studio Solution File, Format Version 12.00
# Visual Studio 2012
Project("{FAE04EC0-301F-11D3-BF4B-00C04F79EFBC}") = "COUCHEBO", "COUCHEBO\COUCHEBO.csproj", "{0A3E8C2E-8CCA-45A5-983E-DDA015B75745}"
EndProject
Project("{FAE04EC0-301F-11D3-BF4B-00C04F79EFBC}") = "COUCHEBL", "COUCHEBL\COUCHEBL.csproj", "{31DCA81C-00C4-417F-AC50-BACDE6690AEE}"
EndProject
Project("{FAE04EC0-301F-11D3-BF4B-00C04F79EFBC}") = "COUCHEDAL", "COUCHEDAL\COUCHEDAL.csproj", "{7F0352DD-5B31-4FC3-BF88-4CF6B59FD5C2}"
EndProject
Project("{FAE04EC0-301F-11D3-BF4B-00C04F79EFBC}") = "Bibliotheque", "Bibliotheque\Bibliotheque.csproj", "{2A8D29E9-81F0-46F9-B392-CF9B98989551}"
EndProject
Project("{FAE04EC0-301F-11D3-BF4B-00C04F79EFBC}") = "COUCHEERROR", "COUCHEERROR\COUCHEERROR.csproj", "{E186AEE2-8E2E-4A8B-8E2E-751D4B0A2388}"
EndProject
Project("{FAE04EC0-301F-11D3-BF4B-00C04F79EFBC}") = "COUCHEIFAC", "COUCHEIFAC\COUCHEIFAC.csproj", "{5BE3D806-E037-4FD4-97F5-7B38D02DA8A5}"
EndProject
Project("{FAE04EC0-301F-11D3-BF4B-00C04F79EFBC}") = "COUCHEFAC", "COUCHEFAC\COUCHEFAC.csproj", "{E6CA8278-689A-4DB1-A190-E8CAACE16141}"
EndProject
Project("{FAE04EC0-301F-11D3-BF4B-00C04F79EFBC}") = "HOST", "HOST\HOST.csproj", "{8E05B2F4-0670-4F74-B91E-ACD66DCBE525}"
EndProject
Global
	GlobalSection(SolutionConfigurationPlatforms) = preSolution
		Debug|Any CPU = Debug|Any CPU
		Release|Any CPU = Release|Any CPU
	EndGlobalSection
	GlobalSection(ProjectConfigurationPlatforms) = postSolution
		{0A3E8C2E-8CCA-45A5-983E-DDA015B75745}.Debug|Any CPU.ActiveCfg = Debug|Any CPU
		{0A3E8C2E-8CCA-45A5-983E-DDA015B75745}.Debug|Any CPU.Build.0 = Debug|Any CPU
		{0A3E8C2E-8CCA-45A5-983E-DDA015B75745}.Release|Any CPU.ActiveCfg = Release|Any CPU
		{0A3E8C2E-8CCA-45A5-983E-DDA015B75745}.Release|Any CPU.Build.0 = Release|Any CPU
		{31DCA81C-00C4-417F-AC50-BACDE6690AEE}.Debug|Any CPU.ActiveCfg = Debug|Any CPU
		{31DCA81C-00C4-417F-AC50-BACDE6690AEE}.Debug|Any CPU.Build.0 = Debug|Any CPU
		{31DCA81C-00C4-417F-AC50-BACDE6690AEE}.Release|Any CPU.ActiveCfg = Release|Any CPU
		{31DCA81C-00C4-417F-AC50-BACDE6690AEE}.Release|Any CPU.Build.0 = Release|Any CPU
		{7F0352DD-5B31-4FC3-BF88-4CF6B59FD5C2}.Debug|Any CPU.ActiveCfg = Debug|Any CPU
		{7F0352DD-5B31-4FC3-BF88-4CF6B59FD5C2}.Debug|Any CPU.Build.0 = Debug|Any CPU
		{7F0352DD-5B31-4FC3-BF88-4CF6B59FD5C2}.Release|Any CPU.ActiveCfg = Release|Any CPU
		{7F0352DD-5B31-4FC3-BF88-4CF6B59FD5C2}.Release|Any CPU.Build.0 = Release|Any CPU
		{2A8D29E9-81F0-46F9-B392-CF9B98989551}.Debug|Any CPU.ActiveCfg = Debug|Any CPU
		{2A8D29E9-81F0-46F9-B392-CF9B98989551}.Debug|Any CPU.Build.0 = Debug|Any CPU
		{2A8D29E9-81F0-46F9-B392-CF9B98989551}.Release|Any CPU.ActiveCfg = Release|Any CPU
		{2A8D29E9-81F0-46F9-B392-CF9B98989551}.Release|Any CPU.Build.0 = Release|Any CPU
		{E186AEE2-8E2E-4A8B-8E2E-751D4B0A2388}.Debug|Any CPU.ActiveCfg = Debug|Any CPU
		{E186AEE2-8E2E-4A8B-8E2E-751D4B0A2388}.Debug|Any CPU.Build.0 = Debug|Any CPU
		{E186AEE2-8E2E-4A8B-8E2E-751D4B0A2388}.Release|Any CPU.ActiveCfg = Release|Any CPU
		{E186AEE2-8E2E-4A8B-8E2E-751D4B0A2388}.Release|Any CPU.Build.0 = Release|Any CPU
		{5BE3D806-E037-4FD4-97F5-7B38D02DA8A5}.Debug|Any CPU.ActiveCfg = Debug|Any CPU
		{5BE3D806-E037-4FD4-97F5-7B38D02DA8A5}.Debug|Any CPU.Build.0 = Debug|Any CPU
		{5BE3D806-E037-4FD4-97F5-7B38D02DA8A5}.Release|Any CPU.ActiveCfg = Release|Any CPU
		{5BE3D806-E037-4FD4-97F5-7B38D02DA8A5}.Release|Any CPU.Build.0 = Release|Any CPU
		{E6CA8278-689A-4DB1-A190-E8CAACE16141}.Debug|Any CPU.ActiveCfg = Debug|Any CPU
		{E6CA8278-689A-4DB1-A190-E8CAACE16141}.Debug|Any CPU.Build.0 = Debug|Any CPU
		{E6CA8278-689A-4DB1-A190-E8CAACE16141}.Release|Any CPU.ActiveCfg = Release|Any CPU
		{E6CA8278-689A-4DB1-A190-E8CAACE16141}.Release|Any CPU.Build.0 = Release|Any CPU
		{8E05B2F4-0670-4F74-B91E-ACD66DCBE525}.Debug|Any CPU.ActiveCfg = Debug|Any CPU
		{8E05B2F4-0670-4F74-B91E-ACD66DCBE525}.Debug|Any CPU.Build.0 = Debug|Any CPU
		{8E05B2F4-0670-4F74-B91E-ACD66DCBE525}.Release|Any CPU.ActiveCfg = Release|Any CPU
		{8E05B2F4-0670-4F74-B91E-ACD66DCBE525}.Release|Any CPU.Build.0 = Release|Any CPU
	EndGlobalSection
	GlobalSection(SolutionProperties) = preSolution
		HideSolutionNode = FALSE
	EndGlobalSection
EndGlobal
